// !$*UTF8*$!
{
	archiveVersion = 1;
	classes = {
	};
	objectVersion = 50;
	objects = {

/* Begin PBXBuildFile section */
		0EF08BD2272276BD00E3898D /* AppDelegate.swift in Sources */ = {isa = PBXBuildFile; fileRef = 0EF08BD1272276BD00E3898D /* AppDelegate.swift */; };
		0EF08BD4272276BD00E3898D /* SceneDelegate.swift in Sources */ = {isa = PBXBuildFile; fileRef = 0EF08BD3272276BD00E3898D /* SceneDelegate.swift */; };
		0EF08BD9272276BD00E3898D /* Main.storyboard in Resources */ = {isa = PBXBuildFile; fileRef = 0EF08BD7272276BD00E3898D /* Main.storyboard */; };
		0EF08BDB272276BE00E3898D /* Assets.xcassets in Resources */ = {isa = PBXBuildFile; fileRef = 0EF08BDA272276BE00E3898D /* Assets.xcassets */; };
		0EF08BDE272276BE00E3898D /* LaunchScreen.storyboard in Resources */ = {isa = PBXBuildFile; fileRef = 0EF08BDC272276BE00E3898D /* LaunchScreen.storyboard */; };
		0EF08BE927244BE600E3898D /* SearchBookViewController.swift in Sources */ = {isa = PBXBuildFile; fileRef = 0EF08BE827244BE600E3898D /* SearchBookViewController.swift */; };
		0EF08BEC27244CBB00E3898D /* VisiterBookTableViewCell.swift in Sources */ = {isa = PBXBuildFile; fileRef = 0EF08BEB27244CBB00E3898D /* VisiterBookTableViewCell.swift */; };
		0EF08BEE27244F0900E3898D /* PasswordViewController.swift in Sources */ = {isa = PBXBuildFile; fileRef = 0EF08BED27244F0900E3898D /* PasswordViewController.swift */; };
		0EF08BF12724543900E3898D /* ConfirmBookViewController.swift in Sources */ = {isa = PBXBuildFile; fileRef = 0EF08BF02724543900E3898D /* ConfirmBookViewController.swift */; };
/* End PBXBuildFile section */

/* Begin PBXFileReference section */
		0EF08BCE272276BD00E3898D /* VisitorBook.app */ = {isa = PBXFileReference; explicitFileType = wrapper.application; includeInIndex = 0; path = VisitorBook.app; sourceTree = BUILT_PRODUCTS_DIR; };
		0EF08BD1272276BD00E3898D /* AppDelegate.swift */ = {isa = PBXFileReference; lastKnownFileType = sourcecode.swift; path = AppDelegate.swift; sourceTree = "<group>"; };
		0EF08BD3272276BD00E3898D /* SceneDelegate.swift */ = {isa = PBXFileReference; lastKnownFileType = sourcecode.swift; path = SceneDelegate.swift; sourceTree = "<group>"; };
		0EF08BD8272276BD00E3898D /* Base */ = {isa = PBXFileReference; lastKnownFileType = file.storyboard; name = Base; path = Base.lproj/Main.storyboard; sourceTree = "<group>"; };
		0EF08BDA272276BE00E3898D /* Assets.xcassets */ = {isa = PBXFileReference; lastKnownFileType = folder.assetcatalog; path = Assets.xcassets; sourceTree = "<group>"; };
		0EF08BDD272276BE00E3898D /* Base */ = {isa = PBXFileReference; lastKnownFileType = file.storyboard; name = Base; path = Base.lproj/LaunchScreen.storyboard; sourceTree = "<group>"; };
		0EF08BDF272276BE00E3898D /* Info.plist */ = {isa = PBXFileReference; lastKnownFileType = text.plist.xml; path = Info.plist; sourceTree = "<group>"; };
		0EF08BE827244BE600E3898D /* SearchBookViewController.swift */ = {isa = PBXFileReference; lastKnownFileType = sourcecode.swift; path = SearchBookViewController.swift; sourceTree = "<group>"; };
		0EF08BEB27244CBB00E3898D /* VisiterBookTableViewCell.swift */ = {isa = PBXFileReference; lastKnownFileType = sourcecode.swift; path = VisiterBookTableViewCell.swift; sourceTree = "<group>"; };
		0EF08BED27244F0900E3898D /* PasswordViewController.swift */ = {isa = PBXFileReference; lastKnownFileType = sourcecode.swift; path = PasswordViewController.swift; sourceTree = "<group>"; };
		0EF08BF02724543900E3898D /* ConfirmBookViewController.swift */ = {isa = PBXFileReference; lastKnownFileType = sourcecode.swift; path = ConfirmBookViewController.swift; sourceTree = "<group>"; };
/* End PBXFileReference section */

/* Begin PBXFrameworksBuildPhase section */
		0EF08BCB272276BD00E3898D /* Frameworks */ = {
			isa = PBXFrameworksBuildPhase;
			buildActionMask = 2147483647;
			files = (
			);
			runOnlyForDeploymentPostprocessing = 0;
		};
/* End PBXFrameworksBuildPhase section */

/* Begin PBXGroup section */
		0EF08BC5272276BD00E3898D = {
			isa = PBXGroup;
			children = (
				0EF08BD0272276BD00E3898D /* VisitorBook */,
				0EF08BCF272276BD00E3898D /* Products */,
			);
			sourceTree = "<group>";
		};
		0EF08BCF272276BD00E3898D /* Products */ = {
			isa = PBXGroup;
			children = (
				0EF08BCE272276BD00E3898D /* VisitorBook.app */,
			);
			name = Products;
			sourceTree = "<group>";
		};
		0EF08BD0272276BD00E3898D /* VisitorBook */ = {
			isa = PBXGroup;
			children = (
				0EF08BEA27244C9500E3898D /* Cells */,
				0EF08BE627244B9D00E3898D /* Models */,
				0EF08BE727244BA400E3898D /* ViewModels */,
				0EF08BE527244B9600E3898D /* Controllers */,
				0EF08BD1272276BD00E3898D /* AppDelegate.swift */,
				0EF08BD3272276BD00E3898D /* SceneDelegate.swift */,
				0EF08BD7272276BD00E3898D /* Main.storyboard */,
				0EF08BDA272276BE00E3898D /* Assets.xcassets */,
				0EF08BDC272276BE00E3898D /* LaunchScreen.storyboard */,
				0EF08BDF272276BE00E3898D /* Info.plist */,
			);
			path = VisitorBook;
			sourceTree = "<group>";
		};
		0EF08BE527244B9600E3898D /* Controllers */ = {
			isa = PBXGroup;
			children = (
				0EF08BE827244BE600E3898D /* SearchBookViewController.swift */,
				0EF08BED27244F0900E3898D /* PasswordViewController.swift */,
				0EF08BF02724543900E3898D /* ConfirmBookViewController.swift */,
			);
			path = Controllers;
			sourceTree = "<group>";
		};
		0EF08BE627244B9D00E3898D /* Models */ = {
			isa = PBXGroup;
			children = (
			);
			path = Models;
			sourceTree = "<group>";
		};
		0EF08BE727244BA400E3898D /* ViewModels */ = {
			isa = PBXGroup;
			children = (
			);
			path = ViewModels;
			sourceTree = "<group>";
		};
		0EF08BEA27244C9500E3898D /* Cells */ = {
			isa = PBXGroup;
			children = (
				0EF08BEB27244CBB00E3898D /* VisiterBookTableViewCell.swift */,
			);
			path = Cells;
			sourceTree = "<group>";
		};
/* End PBXGroup section */

/* Begin PBXNativeTarget section */
		0EF08BCD272276BD00E3898D /* VisitorBook */ = {
			isa = PBXNativeTarget;
			buildConfigurationList = 0EF08BE2272276BE00E3898D /* Build configuration list for PBXNativeTarget "VisitorBook" */;
			buildPhases = (
				0EF08BCA272276BD00E3898D /* Sources */,
				0EF08BCB272276BD00E3898D /* Frameworks */,
				0EF08BCC272276BD00E3898D /* Resources */,
				0EF08BEF272450C800E3898D /* Run SwiftLint */,
			);
			buildRules = (
			);
			dependencies = (
			);
			name = VisitorBook;
			productName = VisitorBook;
			productReference = 0EF08BCE272276BD00E3898D /* VisitorBook.app */;
			productType = "com.apple.product-type.application";
		};
/* End PBXNativeTarget section */

/* Begin PBXProject section */
		0EF08BC6272276BD00E3898D /* Project object */ = {
			isa = PBXProject;
			attributes = {
				LastSwiftUpdateCheck = 1250;
				LastUpgradeCheck = 1250;
				TargetAttributes = {
					0EF08BCD272276BD00E3898D = {
						CreatedOnToolsVersion = 12.5.1;
					};
				};
			};
			buildConfigurationList = 0EF08BC9272276BD00E3898D /* Build configuration list for PBXProject "VisitorBook" */;
			compatibilityVersion = "Xcode 9.3";
			developmentRegion = en;
			hasScannedForEncodings = 0;
			knownRegions = (
				en,
				Base,
			);
			mainGroup = 0EF08BC5272276BD00E3898D;
			productRefGroup = 0EF08BCF272276BD00E3898D /* Products */;
			projectDirPath = "";
			projectRoot = "";
			targets = (
				0EF08BCD272276BD00E3898D /* VisitorBook */,
			);
		};
/* End PBXProject section */

/* Begin PBXResourcesBuildPhase section */
		0EF08BCC272276BD00E3898D /* Resources */ = {
			isa = PBXResourcesBuildPhase;
			buildActionMask = 2147483647;
			files = (
				0EF08BDE272276BE00E3898D /* LaunchScreen.storyboard in Resources */,
				0EF08BDB272276BE00E3898D /* Assets.xcassets in Resources */,
				0EF08BD9272276BD00E3898D /* Main.storyboard in Resources */,
			);
			runOnlyForDeploymentPostprocessing = 0;
		};
/* End PBXResourcesBuildPhase section */

/* Begin PBXShellScriptBuildPhase section */
		0EF08BEF272450C800E3898D /* Run SwiftLint */ = {
			isa = PBXShellScriptBuildPhase;
			buildActionMask = 2147483647;
			files = (
			);
			inputFileListPaths = (
			);
			inputPaths = (
			);
			name = "Run SwiftLint";
			outputFileListPaths = (
			);
			outputPaths = (
			);
			runOnlyForDeploymentPostprocessing = 0;
			shellPath = /bin/sh;
			shellScript = "# Type a script or drag a script file from your workspace to insert its path.\nif which swiftlint >/dev/null; then\n  swiftlint autocorrect --format\n  swiftlint\nelse\n  echo \"SwiftLint does not exist, download from https://github.com/realm/SwiftLint\"\nfi\n";
		};
/* End PBXShellScriptBuildPhase section */

/* Begin PBXSourcesBuildPhase section */
		0EF08BCA272276BD00E3898D /* Sources */ = {
			isa = PBXSourcesBuildPhase;
			buildActionMask = 2147483647;
			files = (
				0EF08BD2272276BD00E3898D /* AppDelegate.swift in Sources */,
				0EF08BEE27244F0900E3898D /* PasswordViewController.swift in Sources */,
				0EF08BEC27244CBB00E3898D /* VisiterBookTableViewCell.swift in Sources */,
				0EF08BD4272276BD00E3898D /* SceneDelegate.swift in Sources */,
				0EF08BF12724543900E3898D /* ConfirmBookViewController.swift in Sources */,
				0EF08BE927244BE600E3898D /* SearchBookViewController.swift in Sources */,
			);
			runOnlyForDeploymentPostprocessing = 0;
		};
/* End PBXSourcesBuildPhase section */

/* Begin PBXVariantGroup section */
		0EF08BD7272276BD00E3898D /* Main.storyboard */ = {
			isa = PBXVariantGroup;
			children = (
				0EF08BD8272276BD00E3898D /* Base */,
			);
			name = Main.storyboard;
			sourceTree = "<group>";
		};
		0EF08BDC272276BE00E3898D /* LaunchScreen.storyboard */ = {
			isa = PBXVariantGroup;
			children = (
				0EF08BDD272276BE00E3898D /* Base */,
			);
			name = LaunchScreen.storyboard;
			sourceTree = "<group>";
		};
/* End PBXVariantGroup section */

/* Begin XCBuildConfiguration section */
		0EF08BE0272276BE00E3898D /* Debug */ = {
			isa = XCBuildConfiguration;
			buildSettings = {
				ALWAYS_SEARCH_USER_PATHS = NO;
				CLANG_ANALYZER_NONNULL = YES;
				CLANG_ANALYZER_NUMBER_OBJECT_CONVERSION = YES_AGGRESSIVE;
				CLANG_CXX_LANGUAGE_STANDARD = "gnu++14";
				CLANG_CXX_LIBRARY = "libc++";
				CLANG_ENABLE_MODULES = YES;
				CLANG_ENABLE_OBJC_ARC = YES;
				CLANG_ENABLE_OBJC_WEAK = YES;
				CLANG_WARN_BLOCK_CAPTURE_AUTORELEASING = YES;
				CLANG_WARN_BOOL_CONVERSION = YES;
				CLANG_WARN_COMMA = YES;
				CLANG_WARN_CONSTANT_CONVERSION = YES;
				CLANG_WARN_DEPRECATED_OBJC_IMPLEMENTATIONS = YES;
				CLANG_WARN_DIRECT_OBJC_ISA_USAGE = YES_ERROR;
				CLANG_WARN_DOCUMENTATION_COMMENTS = YES;
				CLANG_WARN_EMPTY_BODY = YES;
				CLANG_WARN_ENUM_CONVERSION = YES;
				CLANG_WARN_INFINITE_RECURSION = YES;
				CLANG_WARN_INT_CONVERSION = YES;
				CLANG_WARN_NON_LITERAL_NULL_CONVERSION = YES;
				CLANG_WARN_OBJC_IMPLICIT_RETAIN_SELF = YES;
				CLANG_WARN_OBJC_LITERAL_CONVERSION = YES;
				CLANG_WARN_OBJC_ROOT_CLASS = YES_ERROR;
				CLANG_WARN_QUOTED_INCLUDE_IN_FRAMEWORK_HEADER = YES;
				CLANG_WARN_RANGE_LOOP_ANALYSIS = YES;
				CLANG_WARN_STRICT_PROTOTYPES = YES;
				CLANG_WARN_SUSPICIOUS_MOVE = YES;
				CLANG_WARN_UNGUARDED_AVAILABILITY = YES_AGGRESSIVE;
				CLANG_WARN_UNREACHABLE_CODE = YES;
				CLANG_WARN__DUPLICATE_METHOD_MATCH = YES;
				COPY_PHASE_STRIP = NO;
				DEBUG_INFORMATION_FORMAT = dwarf;
				ENABLE_STRICT_OBJC_MSGSEND = YES;
				ENABLE_TESTABILITY = YES;
				GCC_C_LANGUAGE_STANDARD = gnu11;
				GCC_DYNAMIC_NO_PIC = NO;
				GCC_NO_COMMON_BLOCKS = YES;
				GCC_OPTIMIZATION_LEVEL = 0;
				GCC_PREPROCESSOR_DEFINITIONS = (
					"DEBUG=1",
					"$(inherited)",
				);
				GCC_WARN_64_TO_32_BIT_CONVERSION = YES;
				GCC_WARN_ABOUT_RETURN_TYPE = YES_ERROR;
				GCC_WARN_UNDECLARED_SELECTOR = YES;
				GCC_WARN_UNINITIALIZED_AUTOS = YES_AGGRESSIVE;
				GCC_WARN_UNUSED_FUNCTION = YES;
				GCC_WARN_UNUSED_VARIABLE = YES;
				IPHONEOS_DEPLOYMENT_TARGET = 14.5;
				MTL_ENABLE_DEBUG_INFO = INCLUDE_SOURCE;
				MTL_FAST_MATH = YES;
				ONLY_ACTIVE_ARCH = YES;
				SDKROOT = iphoneos;
				SWIFT_ACTIVE_COMPILATION_CONDITIONS = DEBUG;
				SWIFT_OPTIMIZATION_LEVEL = "-Onone";
			};
			name = Debug;
		};
		0EF08BE1272276BE00E3898D /* Release */ = {
			isa = XCBuildConfiguration;
			buildSettings = {
				ALWAYS_SEARCH_USER_PATHS = NO;
				CLANG_ANALYZER_NONNULL = YES;
				CLANG_ANALYZER_NUMBER_OBJECT_CONVERSION = YES_AGGRESSIVE;
				CLANG_CXX_LANGUAGE_STANDARD = "gnu++14";
				CLANG_CXX_LIBRARY = "libc++";
				CLANG_ENABLE_MODULES = YES;
				CLANG_ENABLE_OBJC_ARC = YES;
				CLANG_ENABLE_OBJC_WEAK = YES;
				CLANG_WARN_BLOCK_CAPTURE_AUTORELEASING = YES;
				CLANG_WARN_BOOL_CONVERSION = YES;
				CLANG_WARN_COMMA = YES;
				CLANG_WARN_CONSTANT_CONVERSION = YES;
				CLANG_WARN_DEPRECATED_OBJC_IMPLEMENTATIONS = YES;
				CLANG_WARN_DIRECT_OBJC_ISA_USAGE = YES_ERROR;
				CLANG_WARN_DOCUMENTATION_COMMENTS = YES;
				CLANG_WARN_EMPTY_BODY = YES;
				CLANG_WARN_ENUM_CONVERSION = YES;
				CLANG_WARN_INFINITE_RECURSION = YES;
				CLANG_WARN_INT_CONVERSION = YES;
				CLANG_WARN_NON_LITERAL_NULL_CONVERSION = YES;
				CLANG_WARN_OBJC_IMPLICIT_RETAIN_SELF = YES;
				CLANG_WARN_OBJC_LITERAL_CONVERSION = YES;
				CLANG_WARN_OBJC_ROOT_CLASS = YES_ERROR;
				CLANG_WARN_QUOTED_INCLUDE_IN_FRAMEWORK_HEADER = YES;
				CLANG_WARN_RANGE_LOOP_ANALYSIS = YES;
				CLANG_WARN_STRICT_PROTOTYPES = YES;
				CLANG_WARN_SUSPICIOUS_MOVE = YES;
				CLANG_WARN_UNGUARDED_AVAILABILITY = YES_AGGRESSIVE;
				CLANG_WARN_UNREACHABLE_CODE = YES;
				CLANG_WARN__DUPLICATE_METHOD_MATCH = YES;
				COPY_PHASE_STRIP = NO;
				DEBUG_INFORMATION_FORMAT = "dwarf-with-dsym";
				ENABLE_NS_ASSERTIONS = NO;
				ENABLE_STRICT_OBJC_MSGSEND = YES;
				GCC_C_LANGUAGE_STANDARD = gnu11;
				GCC_NO_COMMON_BLOCKS = YES;
				GCC_WARN_64_TO_32_BIT_CONVERSION = YES;
				GCC_WARN_ABOUT_RETURN_TYPE = YES_ERROR;
				GCC_WARN_UNDECLARED_SELECTOR = YES;
				GCC_WARN_UNINITIALIZED_AUTOS = YES_AGGRESSIVE;
				GCC_WARN_UNUSED_FUNCTION = YES;
				GCC_WARN_UNUSED_VARIABLE = YES;
				IPHONEOS_DEPLOYMENT_TARGET = 14.5;
				MTL_ENABLE_DEBUG_INFO = NO;
				MTL_FAST_MATH = YES;
				SDKROOT = iphoneos;
				SWIFT_COMPILATION_MODE = wholemodule;
				SWIFT_OPTIMIZATION_LEVEL = "-O";
				VALIDATE_PRODUCT = YES;
			};
			name = Release;
		};
		0EF08BE3272276BE00E3898D /* Debug */ = {
			isa = XCBuildConfiguration;
			buildSettings = {
				ASSETCATALOG_COMPILER_APPICON_NAME = AppIcon;
				ASSETCATALOG_COMPILER_GLOBAL_ACCENT_COLOR_NAME = AccentColor;
				CODE_SIGN_STYLE = Automatic;
				DEVELOPMENT_TEAM = YS2AMQ6S9J;
				INFOPLIST_FILE = VisitorBook/Info.plist;
				LD_RUNPATH_SEARCH_PATHS = (
					"$(inherited)",
					"@executable_path/Frameworks",
				);
				PRODUCT_BUNDLE_IDENTIFIER = com.kentoself.VisitorBook;
				PRODUCT_NAME = "$(TARGET_NAME)";
				SWIFT_VERSION = 5.0;
				TARGETED_DEVICE_FAMILY = "1,2";
			};
			name = Debug;
		};
		0EF08BE4272276BE00E3898D /* Release */ = {
			isa = XCBuildConfiguration;
			buildSettings = {
				ASSETCATALOG_COMPILER_APPICON_NAME = AppIcon;
				ASSETCATALOG_COMPILER_GLOBAL_ACCENT_COLOR_NAME = AccentColor;
				CODE_SIGN_STYLE = Automatic;
				DEVELOPMENT_TEAM = YS2AMQ6S9J;
				INFOPLIST_FILE = VisitorBook/Info.plist;
				LD_RUNPATH_SEARCH_PATHS = (
					"$(inherited)",
					"@executable_path/Frameworks",
				);
				PRODUCT_BUNDLE_IDENTIFIER = com.kentoself.VisitorBook;
				PRODUCT_NAME = "$(TARGET_NAME)";
				SWIFT_VERSION = 5.0;
				TARGETED_DEVICE_FAMILY = "1,2";
			};
			name = Release;
		};
/* End XCBuildConfiguration section */

/* Begin XCConfigurationList section */
		0EF08BC9272276BD00E3898D /* Build configuration list for PBXProject "VisitorBook" */ = {
			isa = XCConfigurationList;
			buildConfigurations = (
				0EF08BE0272276BE00E3898D /* Debug */,
				0EF08BE1272276BE00E3898D /* Release */,
			);
			defaultConfigurationIsVisible = 0;
			defaultConfigurationName = Release;
		};
		0EF08BE2272276BE00E3898D /* Build configuration list for PBXNativeTarget "VisitorBook" */ = {
			isa = XCConfigurationList;
			buildConfigurations = (
				0EF08BE3272276BE00E3898D /* Debug */,
				0EF08BE4272276BE00E3898D /* Release */,
			);
			defaultConfigurationIsVisible = 0;
			defaultConfigurationName = Release;
		};
/* End XCConfigurationList section */
	};
	rootObject = 0EF08BC6272276BD00E3898D /* Project object */;
}
